version = 1
revision = 3
requires-python = ">=3.14"

[[package]]
name = "annotated-types"
version = "0.7.0"
source = { registry = "https://mirrors.clustrx.dev/repository/python/simple" }
sdist = { url = "https://mirrors.clustrx.dev/repository/python/packages/annotated-types/0.7.0/annotated_types-0.7.0.tar.gz", hash = "sha256:aff07c09a53a08bc8cfccb9c85b05f1aa9a2a6f23728d790723543408344ce89" }
wheels = [
    { url = "https://mirrors.clustrx.dev/repository/python/packages/annotated-types/0.7.0/annotated_types-0.7.0-py3-none-any.whl", hash = "sha256:1f02e8b43a8fbbc3f3e0d4f0f4bfc8131bcb4eebe8849b8e5c773f3a1c582a53" },
]

[[package]]
name = "asttokens"
version = "3.0.1"
source = { registry = "https://mirrors.clustrx.dev/repository/python/simple" }
sdist = { url = "https://mirrors.clustrx.dev/repository/python/packages/asttokens/3.0.1/asttokens-3.0.1.tar.gz", hash = "sha256:71a4ee5de0bde6a31d64f6b13f2293ac190344478f081c3d1bccfcf5eacb0cb7" }
wheels = [
    { url = "https://mirrors.clustrx.dev/repository/python/packages/asttokens/3.0.1/asttokens-3.0.1-py3-none-any.whl", hash = "sha256:15a3ebc0f43c2d0a50eeafea25e19046c68398e487b9f1f5b517f7c0f40f976a" },
]

[[package]]
name = "cairocffi"
version = "1.7.1"
source = { registry = "https://mirrors.clustrx.dev/repository/python/simple" }
dependencies = [
    { name = "cffi" },
]
sdist = { url = "https://mirrors.clustrx.dev/repository/python/packages/cairocffi/1.7.1/cairocffi-1.7.1.tar.gz", hash = "sha256:2e48ee864884ec4a3a34bfa8c9ab9999f688286eb714a15a43ec9d068c36557b" }
wheels = [
    { url = "https://mirrors.clustrx.dev/repository/python/packages/cairocffi/1.7.1/cairocffi-1.7.1-py3-none-any.whl", hash = "sha256:9803a0e11f6c962f3b0ae2ec8ba6ae45e957a146a004697a1ac1bbf16b073b3f" },
]

[[package]]
name = "cairosvg"
version = "2.9.0"
source = { registry = "https://mirrors.clustrx.dev/repository/python/simple" }
dependencies = [
    { name = "cairocffi" },
    { name = "cssselect2" },
    { name = "defusedxml" },
    { name = "pillow" },
    { name = "tinycss2" },
]
sdist = { url = "https://mirrors.clustrx.dev/repository/python/packages/cairosvg/2.9.0/cairosvg-2.9.0.tar.gz", hash = "sha256:1debb00cd2da11350d8b6f5ceb739f1b539196d71d5cf5eb7363dbd1bfbc8dc5" }
wheels = [
    { url = "https://mirrors.clustrx.dev/repository/python/packages/cairosvg/2.9.0/cairosvg-2.9.0-py3-none-any.whl", hash = "sha256:4b82d07d145377dffdfc19d9791bd5fb65539bb4da0adecf0bdbd9cd4ffd7c68" },
]

[[package]]
name = "cffi"
version = "2.0.0"
source = { registry = "https://mirrors.clustrx.dev/repository/python/simple" }
dependencies = [
    { name = "pycparser", marker = "implementation_name != 'PyPy'" },
]
sdist = { url = "https://mirrors.clustrx.dev/repository/python/packages/cffi/2.0.0/cffi-2.0.0.tar.gz", hash = "sha256:44d1b5909021139fe36001ae048dbdde8214afa20200eda0f64c068cac5d5529" }
wheels = [
    { url = "https://mirrors.clustrx.dev/repository/python/packages/cffi/2.0.0/cffi-2.0.0-cp314-cp314-macosx_10_13_x86_64.whl", hash = "sha256:fc33c5141b55ed366cfaad382df24fe7dcbc686de5be719b207bb248e3053dc5" },
    { url = "https://mirrors.clustrx.dev/repository/python/packages/cffi/2.0.0/cffi-2.0.0-cp314-cp314-macosx_11_0_arm64.whl", hash = "sha256:c654de545946e0db659b3400168c9ad31b5d29593291482c43e3564effbcee13" },
    { url = "https://mirrors.clustrx.dev/repository/python/packages/cffi/2.0.0/cffi-2.0.0-cp314-cp314-manylinux2014_aarch64.manylinux_2_17_aarch64.whl", hash = "sha256:24b6f81f1983e6df8db3adc38562c83f7d4a0c36162885ec7f7b77c7dcbec97b" },
    { url = "https://mirrors.clustrx.dev/repository/python/packages/cffi/2.0.0/cffi-2.0.0-cp314-cp314-manylinux2014_ppc64le.manylinux_2_17_ppc64le.whl", hash = "sha256:12873ca6cb9b0f0d3a0da705d6086fe911591737a59f28b7936bdfed27c0d47c" },
    { url = "https://mirrors.clustrx.dev/repository/python/packages/cffi/2.0.0/cffi-2.0.0-cp314-cp314-manylinux2014_s390x.manylinux_2_17_s390x.whl", hash = "sha256:d9b97165e8aed9272a6bb17c01e3cc5871a594a446ebedc996e2397a1c1ea8ef" },
    { url = "https://mirrors.clustrx.dev/repository/python/packages/cffi/2.0.0/cffi-2.0.0-cp314-cp314-manylinux2014_x86_64.manylinux_2_17_x86_64.whl", hash = "sha256:afb8db5439b81cf9c9d0c80404b60c3cc9c3add93e114dcae767f1477cb53775" },
    { url = "https://mirrors.clustrx.dev/repository/python/packages/cffi/2.0.0/cffi-2.0.0-cp314-cp314-musllinux_1_2_aarch64.whl", hash = "sha256:737fe7d37e1a1bffe70bd5754ea763a62a066dc5913ca57e957824b72a85e205" },
    { url = "https://mirrors.clustrx.dev/repository/python/packages/cffi/2.0.0/cffi-2.0.0-cp314-cp314-musllinux_1_2_x86_64.whl", hash = "sha256:38100abb9d1b1435bc4cc340bb4489635dc2f0da7456590877030c9b3d40b0c1" },
    { url = "https://mirrors.clustrx.dev/repository/python/packages/cffi/2.0.0/cffi-2.0.0-cp314-cp314-win32.whl", hash = "sha256:087067fa8953339c723661eda6b54bc98c5625757ea62e95eb4898ad5e776e9f" },
    { url = "https://mirrors.clustrx.dev/repository/python/packages/cffi/2.0.0/cffi-2.0.0-cp314-cp314-win_amd64.whl", hash = "sha256:203a48d1fb583fc7d78a4c6655692963b860a417c0528492a6bc21f1aaefab25" },
    { url = "https://mirrors.clustrx.dev/repository/python/packages/cffi/2.0.0/cffi-2.0.0-cp314-cp314-win_arm64.whl", hash = "sha256:dbd5c7a25a7cb98f5ca55d258b103a2054f859a46ae11aaf23134f9cc0d356ad" },
    { url = "https://mirrors.clustrx.dev/repository/python/packages/cffi/2.0.0/cffi-2.0.0-cp314-cp314t-macosx_10_13_x86_64.whl", hash = "sha256:9a67fc9e8eb39039280526379fb3a70023d77caec1852002b4da7e8b270c4dd9" },
    { url = "https://mirrors.clustrx.dev/repository/python/packages/cffi/2.0.0/cffi-2.0.0-cp314-cp314t-macosx_11_0_arm64.whl", hash = "sha256:7a66c7204d8869299919db4d5069a82f1561581af12b11b3c9f48c584eb8743d" },
    { url = "https://mirrors.clustrx.dev/repository/python/packages/cffi/2.0.0/cffi-2.0.0-cp314-cp314t-manylinux2014_aarch64.manylinux_2_17_aarch64.whl", hash = "sha256:7cc09976e8b56f8cebd752f7113ad07752461f48a58cbba644139015ac24954c" },
    { url = "https://mirrors.clustrx.dev/repository/python/packages/cffi/2.0.0/cffi-2.0.0-cp314-cp314t-manylinux2014_ppc64le.manylinux_2_17_ppc64le.whl", hash = "sha256:92b68146a71df78564e4ef48af17551a5ddd142e5190cdf2c5624d0c3ff5b2e8" },
    { url = "https://mirrors.clustrx.dev/repository/python/packages/cffi/2.0.0/cffi-2.0.0-cp314-cp314t-manylinux2014_s390x.manylinux_2_17_s390x.whl", hash = "sha256:b1e74d11748e7e98e2f426ab176d4ed720a64412b6a15054378afdb71e0f37dc" },
    { url = "https://mirrors.clustrx.dev/repository/python/packages/cffi/2.0.0/cffi-2.0.0-cp314-cp314t-manylinux2014_x86_64.manylinux_2_17_x86_64.whl", hash = "sha256:28a3a209b96630bca57cce802da70c266eb08c6e97e5afd61a75611ee6c64592" },
    { url = "https://mirrors.clustrx.dev/repository/python/packages/cffi/2.0.0/cffi-2.0.0-cp314-cp314t-musllinux_1_2_aarch64.whl", hash = "sha256:7553fb2090d71822f02c629afe6042c299edf91ba1bf94951165613553984512" },
    { url = "https://mirrors.clustrx.dev/repository/python/packages/cffi/2.0.0/cffi-2.0.0-cp314-cp314t-musllinux_1_2_x86_64.whl", hash = "sha256:6c6c373cfc5c83a975506110d17457138c8c63016b563cc9ed6e056a82f13ce4" },
    { url = "https://mirrors.clustrx.dev/repository/python/packages/cffi/2.0.0/cffi-2.0.0-cp314-cp314t-win32.whl", hash = "sha256:1fc9ea04857caf665289b7a75923f2c6ed559b8298a1b8c49e59f7dd95c8481e" },
    { url = "https://mirrors.clustrx.dev/repository/python/packages/cffi/2.0.0/cffi-2.0.0-cp314-cp314t-win_amd64.whl", hash = "sha256:d68b6cef7827e8641e8ef16f4494edda8b36104d79773a334beaa1e3521430f6" },
    { url = "https://mirrors.clustrx.dev/repository/python/packages/cffi/2.0.0/cffi-2.0.0-cp314-cp314t-win_arm64.whl", hash = "sha256:0a1527a803f0a659de1af2e1fd700213caba79377e27e4693648c2923da066f9" },
]

[[package]]
name = "colorama"
version = "0.4.6"
source = { registry = "https://mirrors.clustrx.dev/repository/python/simple" }
sdist = { url = "https://mirrors.clustrx.dev/repository/python/packages/colorama/0.4.6/colorama-0.4.6.tar.gz", hash = "sha256:08695f5cb7ed6e0531a20572697297273c47b8cae5a63ffc6d6ed5c201be6e44" }
wheels = [
    { url = "https://mirrors.clustrx.dev/repository/python/packages/colorama/0.4.6/colorama-0.4.6-py2.py3-none-any.whl", hash = "sha256:4f1d9991f5acc0ca119f9d443620b77f9d6b33703e51011c16baf57afb285fc6" },
]

[[package]]
name = "cssselect2"
version = "0.9.0"
source = { registry = "https://mirrors.clustrx.dev/repository/python/simple" }
dependencies = [
    { name = "tinycss2" },
    { name = "webencodings" },
]
sdist = { url = "https://mirrors.clustrx.dev/repository/python/packages/cssselect2/0.9.0/cssselect2-0.9.0.tar.gz", hash = "sha256:759aa22c216326356f65e62e791d66160a0f9c91d1424e8d8adc5e74dddfc6fb" }
wheels = [
    { url = "https://mirrors.clustrx.dev/repository/python/packages/cssselect2/0.9.0/cssselect2-0.9.0-py3-none-any.whl", hash = "sha256:6a99e5f91f9a016a304dd929b0966ca464bcfda15177b6fb4a118fc0fb5d9563" },
]

[[package]]
name = "decorator"
version = "5.2.1"
source = { registry = "https://mirrors.clustrx.dev/repository/python/simple" }
sdist = { url = "https://mirrors.clustrx.dev/repository/python/packages/decorator/5.2.1/decorator-5.2.1.tar.gz", hash = "sha256:65f266143752f734b0a7cc83c46f4618af75b8c5911b00ccb61d0ac9b6da0360" }
wheels = [
    { url = "https://mirrors.clustrx.dev/repository/python/packages/decorator/5.2.1/decorator-5.2.1-py3-none-any.whl", hash = "sha256:d316bb415a2d9e2d2b3abcc4084c6502fc09240e292cd76a76afc106a1c8e04a" },
]

[[package]]
name = "defusedxml"
version = "0.7.1"
source = { registry = "https://mirrors.clustrx.dev/repository/python/simple" }
sdist = { url = "https://mirrors.clustrx.dev/repository/python/packages/defusedxml/0.7.1/defusedxml-0.7.1.tar.gz", hash = "sha256:1bb3032db185915b62d7c6209c5a8792be6a32ab2fedacc84e01b52c51aa3e69" }
wheels = [
    { url = "https://mirrors.clustrx.dev/repository/python/packages/defusedxml/0.7.1/defusedxml-0.7.1-py2.py3-none-any.whl", hash = "sha256:a352e7e428770286cc899e2542b6cdaedb2b4953ff269a210103ec58f6198a61" },
]

[[package]]
name = "executing"
version = "2.2.1"
source = { registry = "https://mirrors.clustrx.dev/repository/python/simple" }
sdist = { url = "https://mirrors.clustrx.dev/repository/python/packages/executing/2.2.1/executing-2.2.1.tar.gz", hash = "sha256:3632cc370565f6648cc328b32435bd120a1e4ebb20c77e3fdde9a13cd1e533c4" }
wheels = [
    { url = "https://mirrors.clustrx.dev/repository/python/packages/executing/2.2.1/executing-2.2.1-py2.py3-none-any.whl", hash = "sha256:760643d3452b4d777d295bb167ccc74c64a81df23fb5e08eff250c425a4b2017" },
]

[[package]]
name = "ipython"
version = "9.13.0"
source = { registry = "https://mirrors.clustrx.dev/repository/python/simple" }
dependencies = [
    { name = "colorama", marker = "sys_platform == 'win32'" },
    { name = "decorator" },
    { name = "ipython-pygments-lexers" },
    { name = "jedi" },
    { name = "matplotlib-inline" },
    { name = "pexpect", marker = "sys_platform != 'emscripten' and sys_platform != 'win32'" },
    { name = "prompt-toolkit" },
    { name = "psutil" },
    { name = "pygments" },
    { name = "stack-data" },
    { name = "traitlets" },
]
sdist = { url = "https://mirrors.clustrx.dev/repository/python/packages/ipython/9.13.0/ipython-9.13.0.tar.gz", hash = "sha256:7e834b6afc99f020e3f05966ced34792f40267d64cb1ea9043886dab0dde5967" }
wheels = [
    { url = "https://mirrors.clustrx.dev/repository/python/packages/ipython/9.13.0/ipython-9.13.0-py3-none-any.whl", hash = "sha256:57f9d4639e20818d328d287c7b549af3d05f12486ea8f2e7f73e52a36ec4d201" },
]

[[package]]
name = "ipython-pygments-lexers"
version = "1.1.1"
source = { registry = "https://mirrors.clustrx.dev/repository/python/simple" }
dependencies = [
    { name = "pygments" },
]
sdist = { url = "https://mirrors.clustrx.dev/repository/python/packages/ipython-pygments-lexers/1.1.1/ipython_pygments_lexers-1.1.1.tar.gz", hash = "sha256:09c0138009e56b6854f9535736f4171d855c8c08a563a0dcd8022f78355c7e81" }
wheels = [
    { url = "https://mirrors.clustrx.dev/repository/python/packages/ipython-pygments-lexers/1.1.1/ipython_pygments_lexers-1.1.1-py3-none-any.whl", hash = "sha256:a9462224a505ade19a605f71f8fa63c2048833ce50abc86768a0d81d876dc81c" },
]

[[package]]
name = "jedi"
version = "0.20.0"
source = { registry = "https://mirrors.clustrx.dev/repository/python/simple" }
dependencies = [
    { name = "parso" },
]
sdist = { url = "https://mirrors.clustrx.dev/repository/python/packages/jedi/0.20.0/jedi-0.20.0.tar.gz", hash = "sha256:c3f4ccbd276696f4b19c54618d4fb18f9fc24b0aef02acf704b23f487daa1011" }
wheels = [
    { url = "https://mirrors.clustrx.dev/repository/python/packages/jedi/0.20.0/jedi-0.20.0-py2.py3-none-any.whl", hash = "sha256:7bdd9c2634f56713299976f4cbd59cb3fa92165cc5e05ea811fb253480728b67" },
]

[[package]]
name = "matplotlib-inline"
version = "0.2.1"
source = { registry = "https://mirrors.clustrx.dev/repository/python/simple" }
dependencies = [
    { name = "traitlets" },
]
sdist = { url = "https://mirrors.clustrx.dev/repository/python/packages/matplotlib-inline/0.2.1/matplotlib_inline-0.2.1.tar.gz", hash = "sha256:e1ee949c340d771fc39e241ea75683deb94762c8fa5f2927ec57c83c4dffa9fe" }
wheels = [
    { url = "https://mirrors.clustrx.dev/repository/python/packages/matplotlib-inline/0.2.1/matplotlib_inline-0.2.1-py3-none-any.whl", hash = "sha256:d56ce5156ba6085e00a9d54fead6ed29a9c47e215cd1bba2e976ef39f5710a76" },
]

[[package]]
name = "parso"
version = "0.8.7"
source = { registry = "https://mirrors.clustrx.dev/repository/python/simple" }
sdist = { url = "https://mirrors.clustrx.dev/repository/python/packages/parso/0.8.7/parso-0.8.7.tar.gz", hash = "sha256:eaaac4c9fdd5e9e8852dc778d2d7405897ec510f2a298071453e5e3a07914bb1" }
wheels = [
    { url = "https://mirrors.clustrx.dev/repository/python/packages/parso/0.8.7/parso-0.8.7-py2.py3-none-any.whl", hash = "sha256:a8926eb2a1b915486941fdbd31e86a4baf88fe8c210f25f2f35ecec5b574ca1c" },
]

[[package]]
name = "pexpect"
version = "4.9.0"
source = { registry = "https://mirrors.clustrx.dev/repository/python/simple" }
dependencies = [
    { name = "ptyprocess" },
]
sdist = { url = "https://mirrors.clustrx.dev/repository/python/packages/pexpect/4.9.0/pexpect-4.9.0.tar.gz", hash = "sha256:ee7d41123f3c9911050ea2c2dac107568dc43b2d3b0c7557a33212c398ead30f" }
wheels = [
    { url = "https://mirrors.clustrx.dev/repository/python/packages/pexpect/4.9.0/pexpect-4.9.0-py2.py3-none-any.whl", hash = "sha256:7236d1e080e4936be2dc3e326cec0af72acf9212a7e1d060210e70a47e253523" },
]

[[package]]
name = "pillow"
version = "12.2.0"
source = { registry = "https://mirrors.clustrx.dev/repository/python/simple" }
sdist = { url = "https://mirrors.clustrx.dev/repository/python/packages/pillow/12.2.0/pillow-12.2.0.tar.gz", hash = "sha256:a830b1a40919539d07806aa58e1b114df53ddd43213d9c8b75847eee6c0182b5" }
wheels = [
    { url = "https://mirrors.clustrx.dev/repository/python/packages/pillow/12.2.0/pillow-12.2.0-cp314-cp314-ios_13_0_arm64_iphoneos.whl", hash = "sha256:3adc9215e8be0448ed6e814966ecf3d9952f0ea40eb14e89a102b87f450660d8" },
    { url = "https://mirrors.clustrx.dev/repository/python/packages/pillow/12.2.0/pillow-12.2.0-cp314-cp314-ios_13_0_arm64_iphonesimulator.whl", hash = "sha256:6a9adfc6d24b10f89588096364cc726174118c62130c817c2837c60cf08a392b" },
    { url = "https://mirrors.clustrx.dev/repository/python/packages/pillow/12.2.0/pillow-12.2.0-cp314-cp314-ios_13_0_x86_64_iphonesimulator.whl", hash = "sha256:6a6e67ea2e6feda684ed370f9a1c52e7a243631c025ba42149a2cc5934dec295" },
    { url = "https://mirrors.clustrx.dev/repository/python/packages/pillow/12.2.0/pillow-12.2.0-cp314-cp314-macosx_10_15_x86_64.whl", hash = "sha256:2bb4a8d594eacdfc59d9e5ad972aa8afdd48d584ffd5f13a937a664c3e7db0ed" },
    { url = "https://mirrors.clustrx.dev/repository/python/packages/pillow/12.2.0/pillow-12.2.0-cp314-cp314-macosx_11_0_arm64.whl", hash = "sha256:80b2da48193b2f33ed0c32c38140f9d3186583ce7d516526d462645fd98660ae" },
    { url = "https://mirrors.clustrx.dev/repository/python/packages/pillow/12.2.0/pillow-12.2.0-cp314-cp314-manylinux2014_aarch64.manylinux_2_17_aarch64.whl", hash = "sha256:22db17c68434de69d8ecfc2fe821569195c0c373b25cccb9cbdacf2c6e53c601" },
    { url = "https://mirrors.clustrx.dev/repository/python/packages/pillow/12.2.0/pillow-12.2.0-cp314-cp314-manylinux2014_x86_64.manylinux_2_17_x86_64.whl", hash = "sha256:7b14cc0106cd9aecda615dd6903840a058b4700fcb817687d0ee4fc8b6e389be" },
    { url = "https://mirrors.clustrx.dev/repository/python/packages/pillow/12.2.0/pillow-12.2.0-cp314-cp314-manylinux_2_27_aarch64.manylinux_2_28_aarch64.whl", hash = "sha256:8cbeb542b2ebc6fcdacabf8aca8c1a97c9b3ad3927d46b8723f9d4f033288a0f" },
    { url = "https://mirrors.clustrx.dev/repository/python/packages/pillow/12.2.0/pillow-12.2.0-cp314-cp314-manylinux_2_27_x86_64.manylinux_2_28_x86_64.whl", hash = "sha256:4bfd07bc812fbd20395212969e41931001fd59eb55a60658b0e5710872e95286" },
    { url = "https://mirrors.clustrx.dev/repository/python/packages/pillow/12.2.0/pillow-12.2.0-cp314-cp314-musllinux_1_2_aarch64.whl", hash = "sha256:9aba9a17b623ef750a4d11b742cbafffeb48a869821252b30ee21b5e91392c50" },
    { url = "https://mirrors.clustrx.dev/repository/python/packages/pillow/12.2.0/pillow-12.2.0-cp314-cp314-musllinux_1_2_x86_64.whl", hash = "sha256:deede7c263feb25dba4e82ea23058a235dcc2fe1f6021025dc71f2b618e26104" },
    { url = "https://mirrors.clustrx.dev/repository/python/packages/pillow/12.2.0/pillow-12.2.0-cp314-cp314-win32.whl", hash = "sha256:632ff19b2778e43162304d50da0181ce24ac5bb8180122cbe1bf4673428328c7" },
    { url = "https://mirrors.clustrx.dev/repository/python/packages/pillow/12.2.0/pillow-12.2.0-cp314-cp314-win_amd64.whl", hash = "sha256:4e6c62e9d237e9b65fac06857d511e90d8461a32adcc1b9065ea0c0fa3a28150" },
    { url = "https://mirrors.clustrx.dev/repository/python/packages/pillow/12.2.0/pillow-12.2.0-cp314-cp314-win_arm64.whl", hash = "sha256:b1c1fbd8a5a1af3412a0810d060a78b5136ec0836c8a4ef9aa11807f2a22f4e1" },
    { url = "https://mirrors.clustrx.dev/repository/python/packages/pillow/12.2.0/pillow-12.2.0-cp314-cp314t-macosx_10_15_x86_64.whl", hash = "sha256:57850958fe9c751670e49b2cecf6294acc99e562531f4bd317fa5ddee2068463" },
    { url = "https://mirrors.clustrx.dev/repository/python/packages/pillow/12.2.0/pillow-12.2.0-cp314-cp314t-macosx_11_0_arm64.whl", hash = "sha256:d5d38f1411c0ed9f97bcb49b7bd59b6b7c314e0e27420e34d99d844b9ce3b6f3" },
    { url = "https://mirrors.clustrx.dev/repository/python/packages/pillow/12.2.0/pillow-12.2.0-cp314-cp314t-manylinux2014_aarch64.manylinux_2_17_aarch64.whl", hash = "sha256:5c0a9f29ca8e79f09de89293f82fc9b0270bb4af1d58bc98f540cc4aedf03166" },
    { url = "https://mirrors.clustrx.dev/repository/python/packages/pillow/12.2.0/pillow-12.2.0-cp314-cp314t-manylinux2014_x86_64.manylinux_2_17_x86_64.whl", hash = "sha256:1610dd6c61621ae1cf811bef44d77e149ce3f7b95afe66a4512f8c59f25d9ebe" },
    { url = "https://mirrors.clustrx.dev/repository/python/packages/pillow/12.2.0/pillow-12.2.0-cp314-cp314t-manylinux_2_27_aarch64.manylinux_2_28_aarch64.whl", hash = "sha256:0a34329707af4f73cf1782a36cd2289c0368880654a2c11f027bcee9052d35dd" },
    { url = "https://mirrors.clustrx.dev/repository/python/packages/pillow/12.2.0/pillow-12.2.0-cp314-cp314t-manylinux_2_27_x86_64.manylinux_2_28_x86_64.whl", hash = "sha256:8e9c4f5b3c546fa3458a29ab22646c1c6c787ea8f5ef51300e5a60300736905e" },
    { url = "https://mirrors.clustrx.dev/repository/python/packages/pillow/12.2.0/pillow-12.2.0-cp314-cp314t-musllinux_1_2_aarch64.whl", hash = "sha256:fb043ee2f06b41473269765c2feae53fc2e2fbf96e5e22ca94fb5ad677856f06" },
    { url = "https://mirrors.clustrx.dev/repository/python/packages/pillow/12.2.0/pillow-12.2.0-cp314-cp314t-musllinux_1_2_x86_64.whl", hash = "sha256:f278f034eb75b4e8a13a54a876cc4a5ab39173d2cdd93a638e1b467fc545ac43" },
    { url = "https://mirrors.clustrx.dev/repository/python/packages/pillow/12.2.0/pillow-12.2.0-cp314-cp314t-win32.whl", hash = "sha256:6bb77b2dcb06b20f9f4b4a8454caa581cd4dd0643a08bacf821216a16d9c8354" },
    { url = "https://mirrors.clustrx.dev/repository/python/packages/pillow/12.2.0/pillow-12.2.0-cp314-cp314t-win_amd64.whl", hash = "sha256:6562ace0d3fb5f20ed7290f1f929cae41b25ae29528f2af1722966a0a02e2aa1" },
    { url = "https://mirrors.clustrx.dev/repository/python/packages/pillow/12.2.0/pillow-12.2.0-cp314-cp314t-win_arm64.whl", hash = "sha256:aa88ccfe4e32d362816319ed727a004423aab09c5cea43c01a4b435643fa34eb" },
]

[[package]]
name = "prompt-toolkit"
version = "3.0.52"
source = { registry = "https://mirrors.clustrx.dev/repository/python/simple" }
dependencies = [
    { name = "wcwidth" },
]
sdist = { url = "https://mirrors.clustrx.dev/repository/python/packages/prompt-toolkit/3.0.52/prompt_toolkit-3.0.52.tar.gz", hash = "sha256:28cde192929c8e7321de85de1ddbe736f1375148b02f2e17edd840042b1be855" }
wheels = [
    { url = "https://mirrors.clustrx.dev/repository/python/packages/prompt-toolkit/3.0.52/prompt_toolkit-3.0.52-py3-none-any.whl", hash = "sha256:9aac639a3bbd33284347de5ad8d68ecc044b91a762dc39b7c21095fcd6a19955" },
]

[[package]]
name = "psutil"
version = "7.2.2"
source = { registry = "https://mirrors.clustrx.dev/repository/python/simple" }
sdist = { url = "https://mirrors.clustrx.dev/repository/python/packages/psutil/7.2.2/psutil-7.2.2.tar.gz", hash = "sha256:0746f5f8d406af344fd547f1c8daa5f5c33dbc293bb8d6a16d80b4bb88f59372" }
wheels = [
    { url = "https://mirrors.clustrx.dev/repository/python/packages/psutil/7.2.2/psutil-7.2.2-cp314-cp314t-macosx_10_15_x86_64.whl", hash = "sha256:eed63d3b4d62449571547b60578c5b2c4bcccc5387148db46e0c2313dad0ee00" },
    { url = "https://mirrors.clustrx.dev/repository/python/packages/psutil/7.2.2/psutil-7.2.2-cp314-cp314t-macosx_11_0_arm64.whl", hash = "sha256:7b6d09433a10592ce39b13d7be5a54fbac1d1228ed29abc880fb23df7cb694c9" },
    { url = "https://mirrors.clustrx.dev/repository/python/packages/psutil/7.2.2/psutil-7.2.2-cp314-cp314t-manylinux2010_x86_64.manylinux_2_12_x86_64.manylinux_2_28_x86_64.whl", hash = "sha256:1fa4ecf83bcdf6e6c8f4449aff98eefb5d0604bf88cb883d7da3d8d2d909546a" },
    { url = "https://mirrors.clustrx.dev/repository/python/packages/psutil/7.2.2/psutil-7.2.2-cp314-cp314t-manylinux2014_aarch64.manylinux_2_17_aarch64.manylinux_2_28_aarch64.whl", hash = "sha256:e452c464a02e7dc7822a05d25db4cde564444a67e58539a00f929c51eddda0cf" },
    { url = "https://mirrors.clustrx.dev/repository/python/packages/psutil/7.2.2/psutil-7.2.2-cp314-cp314t-win_amd64.whl", hash = "sha256:c7663d4e37f13e884d13994247449e9f8f574bc4655d509c3b95e9ec9e2b9dc1" },
    { url = "https://mirrors.clustrx.dev/repository/python/packages/psutil/7.2.2/psutil-7.2.2-cp314-cp314t-win_arm64.whl", hash = "sha256:11fe5a4f613759764e79c65cf11ebdf26e33d6dd34336f8a337aa2996d71c841" },
    { url = "https://mirrors.clustrx.dev/repository/python/packages/psutil/7.2.2/psutil-7.2.2-cp36-abi3-macosx_10_9_x86_64.whl", hash = "sha256:ed0cace939114f62738d808fdcecd4c869222507e266e574799e9c0faa17d486" },
    { url = "https://mirrors.clustrx.dev/repository/python/packages/psutil/7.2.2/psutil-7.2.2-cp36-abi3-macosx_11_0_arm64.whl", hash = "sha256:1a7b04c10f32cc88ab39cbf606e117fd74721c831c98a27dc04578deb0c16979" },
    { url = "https://mirrors.clustrx.dev/repository/python/packages/psutil/7.2.2/psutil-7.2.2-cp36-abi3-manylinux2010_x86_64.manylinux_2_12_x86_64.manylinux_2_28_x86_64.whl", hash = "sha256:076a2d2f923fd4821644f5ba89f059523da90dc9014e85f8e45a5774ca5bc6f9" },
    { url = "https://mirrors.clustrx.dev/repository/python/packages/psutil/7.2.2/psutil-7.2.2-cp36-abi3-manylinux2014_aarch64.manylinux_2_17_aarch64.manylinux_2_28_aarch64.whl", hash = "sha256:b0726cecd84f9474419d67252add4ac0cd9811b04d61123054b9fb6f57df6e9e" },
    { url = "https://mirrors.clustrx.dev/repository/python/packages/psutil/7.2.2/psutil-7.2.2-cp36-abi3-musllinux_1_2_aarch64.whl", hash = "sha256:fd04ef36b4a6d599bbdb225dd1d3f51e00105f6d48a28f006da7f9822f2606d8" },
    { url = "https://mirrors.clustrx.dev/repository/python/packages/psutil/7.2.2/psutil-7.2.2-cp36-abi3-musllinux_1_2_x86_64.whl", hash = "sha256:b58fabe35e80b264a4e3bb23e6b96f9e45a3df7fb7eed419ac0e5947c61e47cc" },
    { url = "https://mirrors.clustrx.dev/repository/python/packages/psutil/7.2.2/psutil-7.2.2-cp37-abi3-win_amd64.whl", hash = "sha256:eb7e81434c8d223ec4a219b5fc1c47d0417b12be7ea866e24fb5ad6e84b3d988" },
    { url = "https://mirrors.clustrx.dev/repository/python/packages/psutil/7.2.2/psutil-7.2.2-cp37-abi3-win_arm64.whl", hash = "sha256:8c233660f575a5a89e6d4cb65d9f938126312bca76d8fe087b947b3a1aaac9ee" },
]

[[package]]
name = "ptyprocess"
version = "0.7.0"
source = { registry = "https://mirrors.clustrx.dev/repository/python/simple" }
sdist = { url = "https://mirrors.clustrx.dev/repository/python/packages/ptyprocess/0.7.0/ptyprocess-0.7.0.tar.gz", hash = "sha256:5c5d0a3b48ceee0b48485e0c26037c0acd7d29765ca3fbb5cb3831d347423220" }
wheels = [
    { url = "https://mirrors.clustrx.dev/repository/python/packages/ptyprocess/0.7.0/ptyprocess-0.7.0-py2.py3-none-any.whl", hash = "sha256:4b41f3967fce3af57cc7e94b888626c18bf37a083e3651ca8feeb66d492fef35" },
]

[[package]]
name = "pure-eval"
version = "0.2.3"
source = { registry = "https://mirrors.clustrx.dev/repository/python/simple" }
sdist = { url = "https://mirrors.clustrx.dev/repository/python/packages/pure-eval/0.2.3/pure_eval-0.2.3.tar.gz", hash = "sha256:5f4e983f40564c576c7c8635ae88db5956bb2229d7e9237d03b3c0b0190eaf42" }
wheels = [
    { url = "https://mirrors.clustrx.dev/repository/python/packages/pure-eval/0.2.3/pure_eval-0.2.3-py3-none-any.whl", hash = "sha256:1db8e35b67b3d218d818ae653e27f06c3aa420901fa7b081ca98cbedc874e0d0" },
]

[[package]]
name = "pycparser"
version = "3.0"
source = { registry = "https://mirrors.clustrx.dev/repository/python/simple" }
sdist = { url = "https://mirrors.clustrx.dev/repository/python/packages/pycparser/3.0/pycparser-3.0.tar.gz", hash = "sha256:600f49d217304a5902ac3c37e1281c9fe94e4d0489de643a9504c5cdfdfc6b29" }
wheels = [
    { url = "https://mirrors.clustrx.dev/repository/python/packages/pycparser/3.0/pycparser-3.0-py3-none-any.whl", hash = "sha256:b727414169a36b7d524c1c3e31839a521725078d7b2ff038656844266160a992" },
]

[[package]]
name = "pydantic"
version = "2.13.3"
source = { registry = "https://mirrors.clustrx.dev/repository/python/simple" }
dependencies = [
    { name = "annotated-types" },
    { name = "pydantic-core" },
    { name = "typing-extensions" },
    { name = "typing-inspection" },
]
sdist = { url = "https://mirrors.clustrx.dev/repository/python/packages/pydantic/2.13.3/pydantic-2.13.3.tar.gz", hash = "sha256:af09e9d1d09f4e7fe37145c1f577e1d61ceb9a41924bf0094a36506285d0a84d" }
wheels = [
    { url = "https://mirrors.clustrx.dev/repository/python/packages/pydantic/2.13.3/pydantic-2.13.3-py3-none-any.whl", hash = "sha256:6db14ac8dfc9a1e57f87ea2c0de670c251240f43cb0c30a5130e9720dc612927" },
]

[[package]]
name = "pydantic-core"
version = "2.46.3"
source = { registry = "https://mirrors.clustrx.dev/repository/python/simple" }
dependencies = [
    { name = "typing-extensions" },
]
sdist = { url = "https://mirrors.clustrx.dev/repository/python/packages/pydantic-core/2.46.3/pydantic_core-2.46.3.tar.gz", hash = "sha256:41c178f65b8c29807239d47e6050262eb6bf84eb695e41101e62e38df4a5bc2c" }
wheels = [
    { url = "https://mirrors.clustrx.dev/repository/python/packages/pydantic-core/2.46.3/pydantic_core-2.46.3-cp314-cp314-macosx_10_12_x86_64.whl", hash = "sha256:afa3aa644f74e290cdede48a7b0bee37d1c35e71b05105f6b340d484af536d9b" },
    { url = "https://mirrors.clustrx.dev/repository/python/packages/pydantic-core/2.46.3/pydantic_core-2.46.3-cp314-cp314-macosx_11_0_arm64.whl", hash = "sha256:ced3310e51aa425f7f77da8bbbb5212616655bedbe82c70944320bc1dbe5e018" },
    { url = "https://mirrors.clustrx.dev/repository/python/packages/pydantic-core/2.46.3/pydantic_core-2.46.3-cp314-cp314-manylinux_2_17_aarch64.manylinux2014_aarch64.whl", hash = "sha256:e29908922ce9da1a30b4da490bd1d3d82c01dcfdf864d2a74aacee674d0bfa34" },
    { url = "https://mirrors.clustrx.dev/repository/python/packages/pydantic-core/2.46.3/pydantic_core-2.46.3-cp314-cp314-manylinux_2_17_armv7l.manylinux2014_armv7l.whl", hash = "sha256:0c9ff69140423eea8ed2d5477df3ba037f671f5e897d206d921bc9fdc39613e7" },
    { url = "https://mirrors.clustrx.dev/repository/python/packages/pydantic-core/2.46.3/pydantic_core-2.46.3-cp314-cp314-manylinux_2_17_ppc64le.manylinux2014_ppc64le.whl", hash = "sha256:b675ab0a0d5b1c8fdb81195dc5bcefea3f3c240871cdd7ff9a2de8aa50772eb2" },
    { url = "https://mirrors.clustrx.dev/repository/python/packages/pydantic-core/2.46.3/pydantic_core-2.46.3-cp314-cp314-manylinux_2_17_s390x.manylinux2014_s390x.whl", hash = "sha256:0087084960f209a9a4af50ecd1fb063d9ad3658c07bb81a7a53f452dacbfb2ba" },
    { url = "https://mirrors.clustrx.dev/repository/python/packages/pydantic-core/2.46.3/pydantic_core-2.46.3-cp314-cp314-manylinux_2_17_x86_64.manylinux2014_x86_64.whl", hash = "sha256:ed42e6cc8e1b0e2b9b96e2276bad70ae625d10d6d524aed0c93de974ae029f9f" },
    { url = "https://mirrors.clustrx.dev/repository/python/packages/pydantic-core/2.46.3/pydantic_core-2.46.3-cp314-cp314-manylinux_2_31_riscv64.whl", hash = "sha256:f1771ce258afb3e4201e67d154edbbae712a76a6081079fe247c2f53c6322c22" },
    { url = "https://mirrors.clustrx.dev/repository/python/packages/pydantic-core/2.46.3/pydantic_core-2.46.3-cp314-cp314-manylinux_2_5_i686.manylinux1_i686.whl", hash = "sha256:a7610b6a5242a6c736d8ad47fd5fff87fcfe8f833b281b1c409c3d6835d9227f" },
    { url = "https://mirrors.clustrx.dev/repository/python/packages/pydantic-core/2.46.3/pydantic_core-2.46.3-cp314-cp314-musllinux_1_1_aarch64.whl", hash = "sha256:ff5e7783bcc5476e1db448bf268f11cb257b1c276d3e89f00b5727be86dd0127" },
    { url = "https://mirrors.clustrx.dev/repository/python/packages/pydantic-core/2.46.3/pydantic_core-2.46.3-cp314-cp314-musllinux_1_1_armv7l.whl", hash = "sha256:9d2e32edcc143bc01e95300671915d9ca052d4f745aa0a49c48d4803f8a85f2c" },
    { url = "https://mirrors.clustrx.dev/repository/python/packages/pydantic-core/2.46.3/pydantic_core-2.46.3-cp314-cp314-musllinux_1_1_x86_64.whl", hash = "sha256:6e42d83d1c6b87fa56b521479cff237e626a292f3b31b6345c15a99121b454c1" },
    { url = "https://mirrors.clustrx.dev/repository/python/packages/pydantic-core/2.46.3/pydantic_core-2.46.3-cp314-cp314-win32.whl", hash = "sha256:07bc6d2a28c3adb4f7c6ae46aa4f2d2929af127f587ed44057af50bf1ce0f505" },
    { url = "https://mirrors.clustrx.dev/repository/python/packages/pydantic-core/2.46.3/pydantic_core-2.46.3-cp314-cp314-win_amd64.whl", hash = "sha256:8940562319bc621da30714617e6a7eaa6b98c84e8c685bcdc02d7ed5e7c7c44e" },
    { url = "https://mirrors.clustrx.dev/repository/python/packages/pydantic-core/2.46.3/pydantic_core-2.46.3-cp314-cp314-win_arm64.whl", hash = "sha256:5dcbbcf4d22210ced8f837c96db941bdb078f419543472aca5d9a0bb7cddc7df" },
    { url = "https://mirrors.clustrx.dev/repository/python/packages/pydantic-core/2.46.3/pydantic_core-2.46.3-cp314-cp314t-macosx_10_12_x86_64.whl", hash = "sha256:d0fe3dce1e836e418f912c1ad91c73357d03e556a4d286f441bf34fed2dbeecf" },
    { url = "https://mirrors.clustrx.dev/repository/python/packages/pydantic-core/2.46.3/pydantic_core-2.46.3-cp314-cp314t-macosx_11_0_arm64.whl", hash = "sha256:9ce92e58abc722dac1bf835a6798a60b294e48eb0e625ec9fd994b932ac5feee" },
    { url = "https://mirrors.clustrx.dev/repository/python/packages/pydantic-core/2.46.3/pydantic_core-2.46.3-cp314-cp314t-manylinux_2_17_aarch64.manylinux2014_aarch64.whl", hash = "sha256:a03e6467f0f5ab796a486146d1b887b2dc5e5f9b3288898c1b1c3ad974e53e4a" },
    { url = "https://mirrors.clustrx.dev/repository/python/packages/pydantic-core/2.46.3/pydantic_core-2.46.3-cp314-cp314t-manylinux_2_17_armv7l.manylinux2014_armv7l.whl", hash = "sha256:2798b6ba041b9d70acfb9071a2ea13c8456dd1e6a5555798e41ba7b0790e329c" },
    { url = "https://mirrors.clustrx.dev/repository/python/packages/pydantic-core/2.46.3/pydantic_core-2.46.3-cp314-cp314t-manylinux_2_17_ppc64le.manylinux2014_ppc64le.whl", hash = "sha256:9be3e221bdc6d69abf294dcf7aff6af19c31a5cdcc8f0aa3b14be29df4bd03b1" },
    { url = "https://mirrors.clustrx.dev/repository/python/packages/pydantic-core/2.46.3/pydantic_core-2.46.3-cp314-cp314t-manylinux_2_17_s390x.manylinux2014_s390x.whl", hash = "sha256:f13936129ce841f2a5ddf6f126fea3c43cd128807b5a59588c37cf10178c2e64" },
    { url = "https://mirrors.clustrx.dev/repository/python/packages/pydantic-core/2.46.3/pydantic_core-2.46.3-cp314-cp314t-manylinux_2_17_x86_64.manylinux2014_x86_64.whl", hash = "sha256:28b5f2ef03416facccb1c6ef744c69793175fd27e44ef15669201601cf423acb" },
    { url = "https://mirrors.clustrx.dev/repository/python/packages/pydantic-core/2.46.3/pydantic_core-2.46.3-cp314-cp314t-manylinux_2_31_riscv64.whl", hash = "sha256:830d1247d77ad23852314f069e9d7ddafeec5f684baf9d7e7065ed46a049c4e6" },
    { url = "https://mirrors.clustrx.dev/repository/python/packages/pydantic-core/2.46.3/pydantic_core-2.46.3-cp314-cp314t-manylinux_2_5_i686.manylinux1_i686.whl", hash = "sha256:d0793c90c1a3c74966e7975eaef3ed30ebdff3260a0f815a62a22adc17e4c01c" },
    { url = "https://mirrors.clustrx.dev/repository/python/packages/pydantic-core/2.46.3/pydantic_core-2.46.3-cp314-cp314t-musllinux_1_1_aarch64.whl", hash = "sha256:d2d0aead851b66f5245ec0c4fb2612ef457f8bbafefdf65a2bf9d6bac6140f47" },
    { url = "https://mirrors.clustrx.dev/repository/python/packages/pydantic-core/2.46.3/pydantic_core-2.46.3-cp314-cp314t-musllinux_1_1_armv7l.whl", hash = "sha256:2f40e4246676beb31c5ce77c38a55ca4e465c6b38d11ea1bd935420568e0b1ab" },
    { url = "https://mirrors.clustrx.dev/repository/python/packages/pydantic-core/2.46.3/pydantic_core-2.46.3-cp314-cp314t-musllinux_1_1_x86_64.whl", hash = "sha256:cf489cf8986c543939aeee17a09c04d6ffb43bfef8ca16fcbcc5cfdcbed24dba" },
    { url = "https://mirrors.clustrx.dev/repository/python/packages/pydantic-core/2.46.3/pydantic_core-2.46.3-cp314-cp314t-win32.whl", hash = "sha256:ffe0883b56cfc05798bf994164d2b2ff03efe2d22022a2bb080f3b626176dd56" },
    { url = "https://mirrors.clustrx.dev/repository/python/packages/pydantic-core/2.46.3/pydantic_core-2.46.3-cp314-cp314t-win_amd64.whl", hash = "sha256:706d9d0ce9cf4593d07270d8e9f53b161f90c57d315aeec4fb4fd7a8b10240d8" },
    { url = "https://mirrors.clustrx.dev/repository/python/packages/pydantic-core/2.46.3/pydantic_core-2.46.3-cp314-cp314t-win_arm64.whl", hash = "sha256:77706aeb41df6a76568434701e0917da10692da28cb69d5fb6919ce5fdb07374" },
]

[[package]]
name = "pygments"
version = "2.20.0"
source = { registry = "https://mirrors.clustrx.dev/repository/python/simple" }
sdist = { url = "https://mirrors.clustrx.dev/repository/python/packages/pygments/2.20.0/pygments-2.20.0.tar.gz", hash = "sha256:6757cd03768053ff99f3039c1a36d6c0aa0b263438fcab17520b30a303a82b5f" }
wheels = [
    { url = "https://mirrors.clustrx.dev/repository/python/packages/pygments/2.20.0/pygments-2.20.0-py3-none-any.whl", hash = "sha256:81a9e26dd42fd28a23a2d169d86d7ac03b46e2f8b59ed4698fb4785f946d0176" },
]

[[package]]
name = "silco"
version = "0.1.0"
source = { virtual = "." }
dependencies = [
    { name = "pydantic" },
]

[package.optional-dependencies]
notebook = [
    { name = "ipython" },
]
pdf = [
    { name = "cairosvg" },
]

[package.metadata]
requires-dist = [
    { name = "cairosvg", marker = "extra == 'pdf'", specifier = ">=2.7" },
    { name = "ipython", marker = "extra == 'notebook'", specifier = ">=8" },
    { name = "pydantic", specifier = ">=2.13.3" },
]
provides-extras = ["notebook", "pdf"]

[[package]]
name = "stack-data"
version = "0.6.3"
source = { registry = "https://mirrors.clustrx.dev/repository/python/simple" }
dependencies = [
    { name = "asttokens" },
    { name = "executing" },
    { name = "pure-eval" },
]
sdist = { url = "https://mirrors.clustrx.dev/repository/python/packages/stack-data/0.6.3/stack_data-0.6.3.tar.gz", hash = "sha256:836a778de4fec4dcd1dcd89ed8abff8a221f58308462e1c4aa2a3cf30148f0b9" }
wheels = [
    { url = "https://mirrors.clustrx.dev/repository/python/packages/stack-data/0.6.3/stack_data-0.6.3-py3-none-any.whl", hash = "sha256:d5558e0c25a4cb0853cddad3d77da9891a08cb85dd9f9f91b9f8cd66e511e695" },
]

[[package]]
name = "tinycss2"
version = "1.5.1"
source = { registry = "https://mirrors.clustrx.dev/repository/python/simple" }
dependencies = [
    { name = "webencodings" },
]
sdist = { url = "https://mirrors.clustrx.dev/repository/python/packages/tinycss2/1.5.1/tinycss2-1.5.1.tar.gz", hash = "sha256:d339d2b616ba90ccce58da8495a78f46e55d4d25f9fd71dfd526f07e7d53f957" }
wheels = [
    { url = "https://mirrors.clustrx.dev/repository/python/packages/tinycss2/1.5.1/tinycss2-1.5.1-py3-none-any.whl", hash = "sha256:3415ba0f5839c062696996998176c4a3751d18b7edaaeeb658c9ce21ec150661" },
]

[[package]]
name = "traitlets"
version = "5.15.0"
source = { registry = "https://mirrors.clustrx.dev/repository/python/simple" }
sdist = { url = "https://mirrors.clustrx.dev/repository/python/packages/traitlets/5.15.0/traitlets-5.15.0.tar.gz", hash = "sha256:4fead733f81cf1c4c938e06f8ca4633896833c9d89eff878159457f4d4392971" }
wheels = [
    { url = "https://mirrors.clustrx.dev/repository/python/packages/traitlets/5.15.0/traitlets-5.15.0-py3-none-any.whl", hash = "sha256:fb36a18867a6803deab09f3c5e0fa81bb7b26a5c9e82501c9933f759166eff40" },
]

[[package]]
name = "typing-extensions"
version = "4.15.0"
source = { registry = "https://mirrors.clustrx.dev/repository/python/simple" }
sdist = { url = "https://mirrors.clustrx.dev/repository/python/packages/typing-extensions/4.15.0/typing_extensions-4.15.0.tar.gz", hash = "sha256:0cea48d173cc12fa28ecabc3b837ea3cf6f38c6d1136f85cbaaf598984861466" }
wheels = [
    { url = "https://mirrors.clustrx.dev/repository/python/packages/typing-extensions/4.15.0/typing_extensions-4.15.0-py3-none-any.whl", hash = "sha256:f0fa19c6845758ab08074a0cfa8b7aecb71c999ca73d62883bc25cc018c4e548" },
]

[[package]]
name = "typing-inspection"
version = "0.4.2"
source = { registry = "https://mirrors.clustrx.dev/repository/python/simple" }
dependencies = [
    { name = "typing-extensions" },
]
sdist = { url = "https://mirrors.clustrx.dev/repository/python/packages/typing-inspection/0.4.2/typing_inspection-0.4.2.tar.gz", hash = "sha256:ba561c48a67c5958007083d386c3295464928b01faa735ab8547c5692e87f464" }
wheels = [
    { url = "https://mirrors.clustrx.dev/repository/python/packages/typing-inspection/0.4.2/typing_inspection-0.4.2-py3-none-any.whl", hash = "sha256:4ed1cacbdc298c220f1bd249ed5287caa16f34d44ef4e9c3d0cbad5b521545e7" },
]

[[package]]
name = "wcwidth"
version = "0.7.0"
source = { registry = "https://mirrors.clustrx.dev/repository/python/simple" }
sdist = { url = "https://mirrors.clustrx.dev/repository/python/packages/wcwidth/0.7.0/wcwidth-0.7.0.tar.gz", hash = "sha256:90e3a7ea092341c44b99562e75d09e4d5160fe7a3974c6fb842a101a95e7eed0" }
wheels = [
    { url = "https://mirrors.clustrx.dev/repository/python/packages/wcwidth/0.7.0/wcwidth-0.7.0-py3-none-any.whl", hash = "sha256:5d69154c429a82910e241c738cd0e2976fac8a2dd47a1a805f4afed1c0f136f2" },
]

[[package]]
name = "webencodings"
version = "0.5.1"
source = { registry = "https://mirrors.clustrx.dev/repository/python/simple" }
sdist = { url = "https://mirrors.clustrx.dev/repository/python/packages/webencodings/0.5.1/webencodings-0.5.1.tar.gz", hash = "sha256:b36a1c245f2d304965eb4e0a82848379241dc04b865afcc4aab16748587e1923" }
wheels = [
    { url = "https://mirrors.clustrx.dev/repository/python/packages/webencodings/0.5.1/webencodings-0.5.1-py2.py3-none-any.whl", hash = "sha256:a0af1213f3c2226497a97e2b3aa01a7e4bee4f403f95be16fc9acd2947514a78" },
]
